
Microsoft Visual Studio Solution File, Format Version 12.00
# Visual Studio Version 16
VisualStudioVersion = 16.0.33328.57
MinimumVisualStudioVersion = 10.0.40219.1
Project("{FAE04EC0-301F-11D3-BF4B-00C04F79EFBC}") = "DataTypeDemo", "DataTypeDemo\DataTypeDemo.csproj", "{E16228FA-891E-4116-847A-9FB633F1DB44}"
EndProject
Project("{FAE04EC0-301F-11D3-BF4B-00C04F79EFBC}") = "StructuresDemo", "StructuresDemo\StructuresDemo.csproj", "{0015E25E-3AEA-46E7-877B-4AF8F70C2E46}"
EndProject
Project("{FAE04EC0-301F-11D3-BF4B-00C04F79EFBC}") = "MethodParameterType", "MethodParameterType\MethodParameterType.csproj", "{44C8BC06-FA77-4A3C-BD7A-986E0127153C}"
EndProject
Project("{FAE04EC0-301F-11D3-BF4B-00C04F79EFBC}") = "ArrayDemo", "ArrayDemo\ArrayDemo.csproj", "{3FB197BD-3714-4313-B8BD-0BC65C814C0A}"
EndProject
Project("{FAE04EC0-301F-11D3-BF4B-00C04F79EFBC}") = "InheritanceDemo", "InheritanceDemo\InheritanceDemo.csproj", "{934A80D4-7E85-4231-8B75-CE80D59C3BEE}"
EndProject
Global
	GlobalSection(SolutionConfigurationPlatforms) = preSolution
		Debug|Any CPU = Debug|Any CPU
		Release|Any CPU = Release|Any CPU
	EndGlobalSection
	GlobalSection(ProjectConfigurationPlatforms) = postSolution
		{E16228FA-891E-4116-847A-9FB633F1DB44}.Debug|Any CPU.ActiveCfg = Debug|Any CPU
		{E16228FA-891E-4116-847A-9FB633F1DB44}.Debug|Any CPU.Build.0 = Debug|Any CPU
		{E16228FA-891E-4116-847A-9FB633F1DB44}.Release|Any CPU.ActiveCfg = Release|Any CPU
		{E16228FA-891E-4116-847A-9FB633F1DB44}.Release|Any CPU.Build.0 = Release|Any CPU
		{0015E25E-3AEA-46E7-877B-4AF8F70C2E46}.Debug|Any CPU.ActiveCfg = Debug|Any CPU
		{0015E25E-3AEA-46E7-877B-4AF8F70C2E46}.Debug|Any CPU.Build.0 = Debug|Any CPU
		{0015E25E-3AEA-46E7-877B-4AF8F70C2E46}.Release|Any CPU.ActiveCfg = Release|Any CPU
		{0015E25E-3AEA-46E7-877B-4AF8F70C2E46}.Release|Any CPU.Build.0 = Release|Any CPU
		{44C8BC06-FA77-4A3C-BD7A-986E0127153C}.Debug|Any CPU.ActiveCfg = Debug|Any CPU
		{44C8BC06-FA77-4A3C-BD7A-986E0127153C}.Debug|Any CPU.Build.0 = Debug|Any CPU
		{44C8BC06-FA77-4A3C-BD7A-986E0127153C}.Release|Any CPU.ActiveCfg = Release|Any CPU
		{44C8BC06-FA77-4A3C-BD7A-986E0127153C}.Release|Any CPU.Build.0 = Release|Any CPU
		{3FB197BD-3714-4313-B8BD-0BC65C814C0A}.Debug|Any CPU.ActiveCfg = Debug|Any CPU
		{3FB197BD-3714-4313-B8BD-0BC65C814C0A}.Debug|Any CPU.Build.0 = Debug|Any CPU
		{3FB197BD-3714-4313-B8BD-0BC65C814C0A}.Release|Any CPU.ActiveCfg = Release|Any CPU
		{3FB197BD-3714-4313-B8BD-0BC65C814C0A}.Release|Any CPU.Build.0 = Release|Any CPU
		{934A80D4-7E85-4231-8B75-CE80D59C3BEE}.Debug|Any CPU.ActiveCfg = Debug|Any CPU
		{934A80D4-7E85-4231-8B75-CE80D59C3BEE}.Debug|Any CPU.Build.0 = Debug|Any CPU
		{934A80D4-7E85-4231-8B75-CE80D59C3BEE}.Release|Any CPU.ActiveCfg = Release|Any CPU
		{934A80D4-7E85-4231-8B75-CE80D59C3BEE}.Release|Any CPU.Build.0 = Release|Any CPU
	EndGlobalSection
	GlobalSection(SolutionProperties) = preSolution
		HideSolutionNode = FALSE
	EndGlobalSection
	GlobalSection(ExtensibilityGlobals) = postSolution
		SolutionGuid = {C66CA6EF-3C5A-4097-8172-BD9D0EFE6B64}
	EndGlobalSection
EndGlobal
